
Microsoft Visual Studio Solution File, Format Version 12.00
# Visual Studio 15
VisualStudioVersion = 15.0.28010.2048
MinimumVisualStudioVersion = 10.0.40219.1
Project("{FAE04EC0-301F-11D3-BF4B-00C04F79EFBC}") = "WorkbenchAuthSample_WebApp", "WorkbenchAuthSample_WebApp\WorkbenchAuthSample_WebApp.csproj", "{4823946C-A012-4267-8C48-1D0E36058C30}"
EndProject
Global
	GlobalSection(SolutionConfigurationPlatforms) = preSolution
		Debug|Any CPU = Debug|Any CPU
		Release|Any CPU = Release|Any CPU
	EndGlobalSection
	GlobalSection(ProjectConfigurationPlatforms) = postSolution
		{4823946C-A012-4267-8C48-1D0E36058C30}.Debug|Any CPU.ActiveCfg = Debug|Any CPU
		{4823946C-A012-4267-8C48-1D0E36058C30}.Debug|Any CPU.Build.0 = Debug|Any CPU
		{4823946C-A012-4267-8C48-1D0E36058C30}.Release|Any CPU.ActiveCfg = Release|Any CPU
		{4823946C-A012-4267-8C48-1D0E36058C30}.Release|Any CPU.Build.0 = Release|Any CPU
	EndGlobalSection
	GlobalSection(SolutionProperties) = preSolution
		HideSolutionNode = FALSE
	EndGlobalSection
	GlobalSection(ExtensibilityGlobals) = postSolution
		SolutionGuid = {8D0F76DB-AE69-4BAC-A4D3-78D9AAB50000}
	EndGlobalSection
EndGlobal
