
Microsoft Visual Studio Solution File, Format Version 12.00
# Visual Studio 15
VisualStudioVersion = 15.0.28010.2048
MinimumVisualStudioVersion = 10.0.40219.1
Project("{9092AA53-FB77-4645-B42D-1CCCA6BD08BD}") = "WorkbenchAuthSamples_NodeJSWebApplication", "WorkbenchAuthSamples_NodeJSWebApplication\WorkbenchAuthSamples_NodeJSWebApplication.njsproj", "{64DFE217-0842-4EBA-A7EC-9354FA4B50B0}"
EndProject
Global
	GlobalSection(SolutionConfigurationPlatforms) = preSolution
		Debug|Any CPU = Debug|Any CPU
		Release|Any CPU = Release|Any CPU
	EndGlobalSection
	GlobalSection(ProjectConfigurationPlatforms) = postSolution
		{64DFE217-0842-4EBA-A7EC-9354FA4B50B0}.Debug|Any CPU.ActiveCfg = Debug|Any CPU
		{64DFE217-0842-4EBA-A7EC-9354FA4B50B0}.Debug|Any CPU.Build.0 = Debug|Any CPU
		{64DFE217-0842-4EBA-A7EC-9354FA4B50B0}.Release|Any CPU.ActiveCfg = Release|Any CPU
		{64DFE217-0842-4EBA-A7EC-9354FA4B50B0}.Release|Any CPU.Build.0 = Release|Any CPU
	EndGlobalSection
	GlobalSection(SolutionProperties) = preSolution
		HideSolutionNode = FALSE
	EndGlobalSection
	GlobalSection(ExtensibilityGlobals) = postSolution
		SolutionGuid = {E78F8322-0DE5-4E4D-BF7D-9D3D3C691B3A}
	EndGlobalSection
EndGlobal
