
Microsoft Visual Studio Solution File, Format Version 12.00
# Visual Studio 2017
Project("{FAE04EC0-301F-11D3-BF4B-00C04F79EFBC}") = "Workbench.Client", "Workbench.Client.csproj", "{C719CEBE-18E6-4449-9905-1EDA6D08C80D}"
EndProject
Global
	GlobalSection(SolutionConfigurationPlatforms) = preSolution
		Debug|Any CPU = Debug|Any CPU
		Release|Any CPU = Release|Any CPU
	EndGlobalSection
	GlobalSection(ProjectConfigurationPlatforms) = postSolution
		{C719CEBE-18E6-4449-9905-1EDA6D08C80D}.Debug|Any CPU.ActiveCfg = Debug|Any CPU
		{C719CEBE-18E6-4449-9905-1EDA6D08C80D}.Debug|Any CPU.Build.0 = Debug|Any CPU
		{C719CEBE-18E6-4449-9905-1EDA6D08C80D}.Release|Any CPU.ActiveCfg = Release|Any CPU
		{C719CEBE-18E6-4449-9905-1EDA6D08C80D}.Release|Any CPU.Build.0 = Release|Any CPU
	EndGlobalSection
EndGlobal
