
Microsoft Visual Studio Solution File, Format Version 12.00
# Visual Studio 15
VisualStudioVersion = 15.0.27130.2027
MinimumVisualStudioVersion = 10.0.40219.1
Project("{FAE04EC0-301F-11D3-BF4B-00C04F79EFBC}") = "PatternCodeGen", "PatternCodeGen\PatternCodeGen.csproj", "{2403094D-F47F-445A-9A02-7BCEA236EDBB}"
EndProject
Global
	GlobalSection(SolutionConfigurationPlatforms) = preSolution
		Debug|Any CPU = Debug|Any CPU
		Release|Any CPU = Release|Any CPU
	EndGlobalSection
	GlobalSection(ProjectConfigurationPlatforms) = postSolution
		{2403094D-F47F-445A-9A02-7BCEA236EDBB}.Debug|Any CPU.ActiveCfg = Debug|Any CPU
		{2403094D-F47F-445A-9A02-7BCEA236EDBB}.Debug|Any CPU.Build.0 = Debug|Any CPU
		{2403094D-F47F-445A-9A02-7BCEA236EDBB}.Release|Any CPU.ActiveCfg = Release|Any CPU
		{2403094D-F47F-445A-9A02-7BCEA236EDBB}.Release|Any CPU.Build.0 = Release|Any CPU
	EndGlobalSection
	GlobalSection(SolutionProperties) = preSolution
		HideSolutionNode = FALSE
	EndGlobalSection
	GlobalSection(ExtensibilityGlobals) = postSolution
		SolutionGuid = {91C5B610-7ACF-43B6-9CEA-7DCFF9C8742D}
	EndGlobalSection
EndGlobal
