
Microsoft Visual Studio Solution File, Format Version 12.00
# Visual Studio 15
VisualStudioVersion = 15.0.27428.2043
MinimumVisualStudioVersion = 10.0.40219.1
Project("{9A19103F-16F7-4668-BE54-9A1E7A4F7556}") = "BasicBot", "BasicBot.csproj", "{D85EBBFC-F5F1-4274-80B9-8FC3A4F304D8}"
EndProject
Global
	GlobalSection(SolutionConfigurationPlatforms) = preSolution
		Debug|Any CPU = Debug|Any CPU
		Release|Any CPU = Release|Any CPU
	EndGlobalSection
	GlobalSection(ProjectConfigurationPlatforms) = postSolution
		{D85EBBFC-F5F1-4274-80B9-8FC3A4F304D8}.Debug|Any CPU.ActiveCfg = Debug|Any CPU
		{D85EBBFC-F5F1-4274-80B9-8FC3A4F304D8}.Debug|Any CPU.Build.0 = Debug|Any CPU
		{D85EBBFC-F5F1-4274-80B9-8FC3A4F304D8}.Release|Any CPU.ActiveCfg = Release|Any CPU
		{D85EBBFC-F5F1-4274-80B9-8FC3A4F304D8}.Release|Any CPU.Build.0 = Release|Any CPU
	EndGlobalSection
	GlobalSection(SolutionProperties) = preSolution
		HideSolutionNode = FALSE
	EndGlobalSection
	GlobalSection(ExtensibilityGlobals) = postSolution
		SolutionGuid = {A7450314-AAE3-4639-8B12-558699156494}
	EndGlobalSection
EndGlobal
