
Microsoft Visual Studio Solution File, Format Version 12.00
# Visual Studio 15
VisualStudioVersion = 15.0.28010.2048
MinimumVisualStudioVersion = 10.0.40219.1
Project("{888888A0-9F3D-457C-B088-3A5042F75D52}") = "WorkbenchAuthSamples_PythonWebProejct", "WorkbenchAuthSamples_PythonWebProejct\WorkbenchAuthSamples_PythonWebProejct.pyproj", "{409F040D-D200-4292-A260-59754196A399}"
EndProject
Global
	GlobalSection(SolutionConfigurationPlatforms) = preSolution
		Debug|Any CPU = Debug|Any CPU
		Release|Any CPU = Release|Any CPU
	EndGlobalSection
	GlobalSection(ProjectConfigurationPlatforms) = postSolution
		{409F040D-D200-4292-A260-59754196A399}.Debug|Any CPU.ActiveCfg = Debug|Any CPU
		{409F040D-D200-4292-A260-59754196A399}.Debug|Any CPU.Build.0 = Debug|Any CPU
		{409F040D-D200-4292-A260-59754196A399}.Release|Any CPU.ActiveCfg = Release|Any CPU
		{409F040D-D200-4292-A260-59754196A399}.Release|Any CPU.Build.0 = Release|Any CPU
	EndGlobalSection
	GlobalSection(SolutionProperties) = preSolution
		HideSolutionNode = FALSE
	EndGlobalSection
	GlobalSection(ExtensibilityGlobals) = postSolution
		SolutionGuid = {87DEA328-7880-4AE7-80AB-F29A1971D2FB}
	EndGlobalSection
EndGlobal
